{
  "nodes": {
    "catch_header": {
      "flake": false,
      "locked": {
        "narHash": "sha256-OrVCNYe0s0PXAThYEytl2DNOn6JRUBlrPNOKeTyvhF8=",
        "type": "file",
        "url": "https://github.com/catchorg/Catch2/releases/download/v2.13.9/catch.hpp"
      },
      "original": {
        "type": "file",
        "url": "https://github.com/catchorg/Catch2/releases/download/v2.13.9/catch.hpp"
      }
    },
    "fltk_tarball": {
      "flake": false,
      "locked": {
        "narHash": "sha256-gVEla3DfOWGWJQBtuUXNyx01F1zlp/4hjahQoqi19fY=",
        "type": "file",
        "url": "https://www.fltk.org/pub/fltk/1.3.5/fltk-1.3.5-source.tar.bz2"
      },
      "original": {
        "type": "file",
        "url": "https://www.fltk.org/pub/fltk/1.3.5/fltk-1.3.5-source.tar.bz2"
      }
    },
    "libarchive_tarball": {
      "flake": false,
      "locked": {
        "narHash": "sha256-SwJKydHhlJsOMzeEX5eL+nyJlcjXocSlFCNqg3Y7qx8=",
        "type": "file",
        "url": "https://libarchive.org/downloads/libarchive-3.3.1.tar.gz"
      },
      "original": {
        "type": "file",
        "url": "https://libarchive.org/downloads/libarchive-3.3.1.tar.gz"
      }
    },
    "lowdown-src": {
      "flake": false,
      "locked": {
        "lastModified": 1633514407,
        "narHash": "sha256-Dw32tiMjdK9t3ETl5fzGrutQTzh2rufgZV4A/BbxuD4=",
        "owner": "kristapsdz",
        "repo": "lowdown",
        "rev": "d2c2b44ff6c27b936ec27358a2653caaef8f73b8",
        "type": "github"
      },
      "original": {
        "owner": "kristapsdz",
        "repo": "lowdown",
        "type": "github"
      }
    },
    "nix": {
      "inputs": {
        "lowdown-src": "lowdown-src",
        "nixpkgs": "nixpkgs",
        "nixpkgs-regression": "nixpkgs-regression"
      },
      "locked": {
        "lastModified": 1672339551,
        "narHash": "sha256-4Kl8b743GT3AR4OrBaAewCwGTOlzkM0OBq6QcHRc1EI=",
        "owner": "NixOS",
        "repo": "nix",
        "rev": "8c52f8ea9db6aba495bff7c9b7511a5a5420efab",
        "type": "github"
      },
      "original": {
        "id": "nix",
        "type": "indirect"
      }
    },
    "nixpkgs": {
      "locked": {
        "lastModified": 1670461440,
        "narHash": "sha256-jy1LB8HOMKGJEGXgzFRLDU1CBGL0/LlkolgnqIsF0D8=",
        "owner": "NixOS",
        "repo": "nixpkgs",
        "rev": "04a75b2eecc0acf6239acf9dd04485ff8d14f425",
        "type": "github"
      },
      "original": {
        "owner": "NixOS",
        "ref": "nixos-22.11-small",
        "repo": "nixpkgs",
        "type": "github"
      }
    },
    "nixpkgs-regression": {
      "locked": {
        "lastModified": 1643052045,
        "narHash": "sha256-uGJ0VXIhWKGXxkeNnq4TvV3CIOkUJ3PAoLZ3HMzNVMw=",
        "owner": "NixOS",
        "repo": "nixpkgs",
        "rev": "215d4d0fd80ca5163643b03a33fde804a29cc1e2",
        "type": "github"
      },
      "original": {
        "owner": "NixOS",
        "repo": "nixpkgs",
        "rev": "215d4d0fd80ca5163643b03a33fde804a29cc1e2",
        "type": "github"
      }
    },
    "root": {
      "inputs": {
        "catch_header": "catch_header",
        "fltk_tarball": "fltk_tarball",
        "libarchive_tarball": "libarchive_tarball",
        "nix": "nix",
        "nixpkgs": [
          "nix",
          "nixpkgs"
        ]
      }
    }
  },
  "root": "root",
  "version": 7
}
